lockfileVersion: '9.0'

settings:
  autoInstallPeers: true
  excludeLinksFromLockfile: false

importers:

  .:
    devDependencies:
      '@biomejs/biome':
        specifier: ^2.5.8
        version: 2.5.8
      '@types/node':
        specifier: ^22.0.0
        version: 22.20.1
      ajv:
        specifier: ^8.17.1
        version: 8.20.0
      ajv-formats:
        specifier: ^3.0.1
        version: 3.0.1(ajv@8.20.0)
      typescript:
        specifier: ^5.8.0
        version: 5.9.3

  packages/mcp-server:
    dependencies:
      '@capsule-corp/protocol':
        specifier: workspace:*
        version: link:../protocol
      '@capsule-corp/sdk':
        specifier: workspace:*
        version: link:../sdk

  packages/protocol: {}

  packages/sdk:
    dependencies:
      '@capsule-corp/protocol':
        specifier: workspace:*
        version: link:../protocol

packages:

  '@biomejs/biome@2.5.8':
    resolution: {integrity: sha512-aeAeeJB9fSDc7Gq+2GqpQxA0qBj6gj1k2R6L1cYqGePKP/baIq1WX8y6B+D+nRsO5ViQL22K/8IwbqERW0q1nw==}
    engines: {node: '>=14.21.3'}
    hasBin: true

  '@biomejs/cli-darwin-arm64@2.5.8':
    resolution: {integrity: sha512-mk1QON9PHllvvLN5gU3f4rMxeh4syK5p9OvKyWH6/W8ueh04uaC8TUXXByhGufWf/y5mQc03ZLM45zU+cmqMjA==}
    engines: {node: '>=14.21.3'}
    cpu: [arm64]
    os: [darwin]

  '@biomejs/cli-darwin-x64@2.5.8':
    resolution: {integrity: sha512-bsGwFMBNyHPyiLSsQcZJxdoRrg1V4JL+d7wEsvUBczlP9U9lwM+7mzQHxI4o1mhBsTmdOBbAb6fHU3Z3snN45w==}
    engines: {node: '>=14.21.3'}
    cpu: [x64]
    os: [darwin]

  '@biomejs/cli-linux-arm64-musl@2.5.8':
    resolution: {integrity: sha512-VcJNbstduTHx83NGAdhp78/JOcP45BZHXL7yNsfI1uGzdUgegAz2s+mSoT7wK6PBNzLoqG0zDOXaz/RQYVtSiw==}
    engines: {node: '>=14.21.3'}
    cpu: [arm64]
    os: [linux]
    libc: [musl]

  '@biomejs/cli-linux-arm64@2.5.8':
    resolution: {integrity: sha512-XmFiA0WPYFC+uiUDC8WRFzAIH9bo7vwQLav38Uoq4ETC+T/+uBi0TsYGJECkugY3r8USl3jc+Ae2/irAF6F2lQ==}
    engines: {node: '>=14.21.3'}
    cpu: [arm64]
    os: [linux]
    libc: [glibc]

  '@biomejs/cli-linux-x64-musl@2.5.8':
    resolution: {integrity: sha512-kKmiyokeISRGq2FLwvr+TzsgBusfxaZ0FZNLcOYOpCK/78tRrEjeEBLvq3xLZMpqbANgJdRPI7vZX8ZL37u9/w==}
    engines: {node: '>=14.21.3'}
    cpu: [x64]
    os: [linux]
    libc: [musl]

  '@biomejs/cli-linux-x64@2.5.8':
    resolution: {integrity: sha512-S5wcm9OBDvLHodD4PUaN488hCpco9QD/9ZxuYJiw4euWtr/oQvLR72z2ixItH8Wd5BCm6FZaeb+YNvOoM1xHtQ==}
    engines: {node: '>=14.21.3'}
    cpu: [x64]
    os: [linux]
    libc: [glibc]

  '@biomejs/cli-win32-arm64@2.5.8':
    resolution: {integrity: sha512-nILH0mzm3Hi3iEdd7o7GpB8kBR/mSQwfQG/tyBqyNrY2GFtcgwfV9nV8xLmbtUpMNY/Oi0Ml1XgfR4flOdq+AA==}
    engines: {node: '>=14.21.3'}
    cpu: [arm64]
    os: [win32]

  '@biomejs/cli-win32-x64@2.5.8':
    resolution: {integrity: sha512-I2czzXTY61f3nFJxXoMDq80t7MivxDEnCjE+8sDKoFfcKMaoQdkqhIFQ3KyY0XLzeSpUBYeNAXgD+iOV/BU0VA==}
    engines: {node: '>=14.21.3'}
    cpu: [x64]
    os: [win32]

  '@types/node@22.20.1':
    resolution: {integrity: sha512-EANqOCF9QFyra+4pfxUcX9STKJpCLjMbObVzljIJomAWSnuSIEAvyzEU53GaajbXJEgdh0iEcPL+DGvpUd4k1Q==}

  ajv-formats@3.0.1:
    resolution: {integrity: sha512-8iUql50EUR+uUcdRQ3HDqa6EVyo3docL8g5WJ3FNcWmu62IbkGUue/pEyLBW8VGKKucTPgqeks4fIU1DA4yowQ==}
    peerDependencies:
      ajv: ^8.0.0
    peerDependenciesMeta:
      ajv:
        optional: true

  ajv@8.20.0:
    resolution: {integrity: sha512-Thbli+OlOj+iMPYFBVBfJ3OmCAnaSyNn4M1vz9T6Gka5Jt9ba/HIR56joy65tY6kx/FCF5VXNB819Y7/GUrBGA==}

  fast-deep-equal@3.1.3:
    resolution: {integrity: sha512-f3qQ9oQy9j2AhBe/H9VC91wLmKBCCU/gDOnKNAYG5hswO7BLKj09Hc5HYNz9cGI++xlpDCIgDaitVs03ATR84Q==}

  fast-uri@3.1.4:
    resolution: {integrity: sha512-8JnbkQ4juDyvYs4mgFGQqg4yCYtFDtUtmp2QIQq11ZZe5CFQ5wcqm1rqDgAh/QdMySuBnPzMUiJUNZG5N/AiQw==}

  json-schema-traverse@1.0.0:
    resolution: {integrity: sha512-NM8/P9n3XjXhIZn1lLhkFaACTOURQXjWhV4BA/RnOv8xvgqtqpAX9IO4mRQxSx1Rlo4tqzeqb0sOlruaOy3dug==}

  require-from-string@2.0.2:
    resolution: {integrity: sha512-Xf0nWe6RseziFMu+Ap9biiUbmplq6S9/p+7w7YXP/JBHhrUDDUhwa+vANyubuqfZWTveU//DYVGsDG7RKL/vEw==}
    engines: {node: '>=0.10.0'}

  typescript@5.9.3:
    resolution: {integrity: sha512-jl1vZzPDinLr9eUt3J/t7V6FgNEw9QjvBPdysz9KfQDD41fQrC2Y4vKQdiaUpFT4bXlb1RHhLpp8wtm6M5TgSw==}
    engines: {node: '>=14.17'}
    hasBin: true

  undici-types@6.21.0:
    resolution: {integrity: sha512-iwDZqg0QAGrg9Rav5H4n0M64c3mkR59cJ6wQp+7C4nI0gsmExaedaYLNO44eT4AtBBwjbTiGPMlt2Md0T9H9JQ==}

snapshots:

  '@biomejs/biome@2.5.8':
    optionalDependencies:
      '@biomejs/cli-darwin-arm64': 2.5.8
      '@biomejs/cli-darwin-x64': 2.5.8
      '@biomejs/cli-linux-arm64': 2.5.8
      '@biomejs/cli-linux-arm64-musl': 2.5.8
      '@biomejs/cli-linux-x64': 2.5.8
      '@biomejs/cli-linux-x64-musl': 2.5.8
      '@biomejs/cli-win32-arm64': 2.5.8
      '@biomejs/cli-win32-x64': 2.5.8

  '@biomejs/cli-darwin-arm64@2.5.8':
    optional: true

  '@biomejs/cli-darwin-x64@2.5.8':
    optional: true

  '@biomejs/cli-linux-arm64-musl@2.5.8':
    optional: true

  '@biomejs/cli-linux-arm64@2.5.8':
    optional: true

  '@biomejs/cli-linux-x64-musl@2.5.8':
    optional: true

  '@biomejs/cli-linux-x64@2.5.8':
    optional: true

  '@biomejs/cli-win32-arm64@2.5.8':
    optional: true

  '@biomejs/cli-win32-x64@2.5.8':
    optional: true

  '@types/node@22.20.1':
    dependencies:
      undici-types: 6.21.0

  ajv-formats@3.0.1(ajv@8.20.0):
    optionalDependencies:
      ajv: 8.20.0

  ajv@8.20.0:
    dependencies:
      fast-deep-equal: 3.1.3
      fast-uri: 3.1.4
      json-schema-traverse: 1.0.0
      require-from-string: 2.0.2

  fast-deep-equal@3.1.3: {}

  fast-uri@3.1.4: {}

  json-schema-traverse@1.0.0: {}

  require-from-string@2.0.2: {}

  typescript@5.9.3: {}

  undici-types@6.21.0: {}
